
Microsoft Visual Studio Solution File, Format Version 12.00
# Visual Studio Version 17
VisualStudioVersion = 17.13.35825.156
MinimumVisualStudioVersion = 10.0.40219.1
Project("{54A90642-561A-4BB1-A94E-469ADEE60C69}") = "UI", "invoiceproject.client\UI.esproj", "{EB447AB6-A40A-9276-A549-FF261AC5BCD0}"
EndProject
Project("{FAE04EC0-301F-11D3-BF4B-00C04F79EFBC}") = "Application", "InvoiceProject.Server\Application.csproj", "{03178C0B-13A3-48FB-9C6C-06234BC41B24}"
EndProject
Project("{FAE04EC0-301F-11D3-BF4B-00C04F79EFBC}") = "Domain", "Domain\Domain.csproj", "{3C4F46B2-C602-4A5D-99B7-816FF4485973}"
EndProject
Project("{FAE04EC0-301F-11D3-BF4B-00C04F79EFBC}") = "Infrastrcture", "Infrastrcture\Infrastrcture.csproj", "{F197C138-6594-4AAB-AD11-5EB5277F6C30}"
EndProject
Global
	GlobalSection(SolutionConfigurationPlatforms) = preSolution
		Debug|Any CPU = Debug|Any CPU
		Release|Any CPU = Release|Any CPU
	EndGlobalSection
	GlobalSection(ProjectConfigurationPlatforms) = postSolution
		{EB447AB6-A40A-9276-A549-FF261AC5BCD0}.Debug|Any CPU.ActiveCfg = Debug|Any CPU
		{EB447AB6-A40A-9276-A549-FF261AC5BCD0}.Debug|Any CPU.Build.0 = Debug|Any CPU
		{EB447AB6-A40A-9276-A549-FF261AC5BCD0}.Debug|Any CPU.Deploy.0 = Debug|Any CPU
		{EB447AB6-A40A-9276-A549-FF261AC5BCD0}.Release|Any CPU.ActiveCfg = Release|Any CPU
		{EB447AB6-A40A-9276-A549-FF261AC5BCD0}.Release|Any CPU.Build.0 = Release|Any CPU
		{EB447AB6-A40A-9276-A549-FF261AC5BCD0}.Release|Any CPU.Deploy.0 = Release|Any CPU
		{03178C0B-13A3-48FB-9C6C-06234BC41B24}.Debug|Any CPU.ActiveCfg = Debug|Any CPU
		{03178C0B-13A3-48FB-9C6C-06234BC41B24}.Debug|Any CPU.Build.0 = Debug|Any CPU
		{03178C0B-13A3-48FB-9C6C-06234BC41B24}.Release|Any CPU.ActiveCfg = Release|Any CPU
		{03178C0B-13A3-48FB-9C6C-06234BC41B24}.Release|Any CPU.Build.0 = Release|Any CPU
		{3C4F46B2-C602-4A5D-99B7-816FF4485973}.Debug|Any CPU.ActiveCfg = Debug|Any CPU
		{3C4F46B2-C602-4A5D-99B7-816FF4485973}.Debug|Any CPU.Build.0 = Debug|Any CPU
		{3C4F46B2-C602-4A5D-99B7-816FF4485973}.Release|Any CPU.ActiveCfg = Release|Any CPU
		{3C4F46B2-C602-4A5D-99B7-816FF4485973}.Release|Any CPU.Build.0 = Release|Any CPU
		{F197C138-6594-4AAB-AD11-5EB5277F6C30}.Debug|Any CPU.ActiveCfg = Debug|Any CPU
		{F197C138-6594-4AAB-AD11-5EB5277F6C30}.Debug|Any CPU.Build.0 = Debug|Any CPU
		{F197C138-6594-4AAB-AD11-5EB5277F6C30}.Release|Any CPU.ActiveCfg = Release|Any CPU
		{F197C138-6594-4AAB-AD11-5EB5277F6C30}.Release|Any CPU.Build.0 = Release|Any CPU
	EndGlobalSection
	GlobalSection(SolutionProperties) = preSolution
		HideSolutionNode = FALSE
	EndGlobalSection
	GlobalSection(ExtensibilityGlobals) = postSolution
		SolutionGuid = {8C4F3A7B-2B48-44B3-8BFE-437422724757}
	EndGlobalSection
EndGlobal
